
Microsoft Visual Studio Solution File, Format Version 12.00
# Visual Studio 15
VisualStudioVersion = 15.0.27703.2026
MinimumVisualStudioVersion = 10.0.40219.1
Project("{888888A0-9F3D-457C-B088-3A5042F75D52}") = "code", "code.pyproj", "{733ED519-66D5-433B-80A1-CB55D9B9D551}"
EndProject
Global
	GlobalSection(SolutionConfigurationPlatforms) = preSolution
		Debug|Any CPU = Debug|Any CPU
		Release|Any CPU = Release|Any CPU
	EndGlobalSection
	GlobalSection(ProjectConfigurationPlatforms) = postSolution
		{733ED519-66D5-433B-80A1-CB55D9B9D551}.Debug|Any CPU.ActiveCfg = Debug|Any CPU
		{733ED519-66D5-433B-80A1-CB55D9B9D551}.Release|Any CPU.ActiveCfg = Release|Any CPU
	EndGlobalSection
	GlobalSection(SolutionProperties) = preSolution
		HideSolutionNode = FALSE
	EndGlobalSection
	GlobalSection(ExtensibilityGlobals) = postSolution
		SolutionGuid = {2478AAF7-4B6A-4497-A03A-100630CB67FB}
	EndGlobalSection
EndGlobal
